{
    "_meta": {
        "hash": {
            "sha256": "8ea5330893143524c854b43ce72c3fb03a8314e0da3125a6b1db28cc4c51c75e"
        },
        "pipfile-spec": 6,
        "requires": {
            "python_version": "3.9"
        },
        "sources": [
            {
                "name": "pypi",
                "url": "https://pypi.org/simple",
                "verify_ssl": true
            }
        ]
    },
    "default": {
        "attrs": {
            "hashes": [
                "sha256:29e95c7f6778868dbd49170f98f8818f78f3dc5e0e37c0b1f474e3561b240836",
                "sha256:c9227bfc2f01993c03f68db37d1d15c9690188323c067c641f1a35ca58185f99"
            ],
            "markers": "python_version >= '3.6'",
            "version": "==22.2.0"
        },
        "aws-cdk-lib": {
            "hashes": [
                "sha256:29a13f6ee795710bb4f1e8eecbc132072c7ac15ea7cfac997085e9975fbfc16c",
                "sha256:5482a4347002cbc725336dc2ce8af86f5783783a02d68d3b230e6154606bb100"
            ],
            "markers": "python_version ~= '3.7'",
            "version": "==2.68.0"
        },
        "aws-cdk.asset-awscli-v1": {
            "hashes": [
                "sha256:1c414486e291c6bc87a8683a560ab83b85a18c6fa5e76a9b89692bd1e959863d",
                "sha256:e87eab62e06da0dfb6947b9f6b97d29469c100eec439f6243c009e36b8e367d9"
            ],
            "markers": "python_version ~= '3.7'",
            "version": "==2.2.103"
        },
        "aws-cdk.asset-kubectl-v20": {
            "hashes": [
                "sha256:9834cdb150c5590aea4e5eba6de2a89b4c60617451181c524810c5a75154565c",
                "sha256:a2fad1a5a35a94a465efe60859f91e45dacc33261fb9bbf1cf9bbc6e2f70e9d6"
            ],
            "markers": "python_version ~= '3.7'",
            "version": "==2.1.1"
        },
        "aws-cdk.asset-node-proxy-agent-v5": {
            "hashes": [
                "sha256:4050018050e75ccbab3d580cf19797b527d81f6ad773ccea825368c5071c7395",
                "sha256:c9256721501a9c7c79973048e0fb5729a86d69254898ca4544e3c40c192cef7b"
            ],
            "markers": "python_version ~= '3.7'",
            "version": "==2.0.83"
        },
        "aws-cdk.aws-lambda-python-alpha": {
            "hashes": [
                "sha256:8714b6cd43b036df4c70560a4246ca8095e198f6837da55853e68e175111f8c3",
                "sha256:90f566996b99dbee54aa09738141d184a3d7bdd5dde307532e4569da018b2d55"
            ],
            "index": "pypi",
            "version": "==2.68.0a0"
        },
        "aws-lambda-typing": {
            "hashes": [
                "sha256:49e8757dd55085115635c81a0534057e4335a24bda08dd75c3c0f12b38b2320f",
                "sha256:9d4d6cc91b90ed901cecfbd8de7daf6e3861628fb90e82ea5760424fbb1955f8"
            ],
            "index": "pypi",
            "version": "==2.16.4"
        },
        "boto3": {
            "hashes": [
                "sha256:09929b24aaec4951e435d53d31f800e2ca52244af049dc11e5385ce062e106e9",
                "sha256:e819812f16fab46fadf9b2853a46aaa126e108e7f038502dde555ebbbfc80133"
            ],
            "markers": "python_version >= '3.7'",
            "version": "==1.26.89"
        },
        "botocore": {
            "hashes": [
                "sha256:ac8da651f73a9d5759cf5d80beba68deda407e56aaaeb10d249fd557459f3b56",
                "sha256:b757e59feca82ac62934f658918133116b4535cf66f1d72ff4935fa24e522527"
            ],
            "markers": "python_version >= '3.7'",
            "version": "==1.29.89"
        },
        "cattrs": {
            "hashes": [
                "sha256:bc12b1f0d000b9f9bee83335887d532a1d3e99a833d1bf0882151c97d3e68c21",
                "sha256:f0eed5642399423cf656e7b66ce92cdc5b963ecafd041d1b24d136fdde7acf6d"
            ],
            "markers": "python_version >= '3.7'",
            "version": "==22.2.0"
        },
        "constructs": {
            "hashes": [
                "sha256:22782602e9d31956aedb086c10a5b1025fc7d9b10b77e87ef9a009bc9f6a5a1f",
                "sha256:822a1965afaf3436298b126762a19a2723b0047df7814b662d0dfe8a5f39654e"
            ],
            "index": "pypi",
            "version": "==10.1.276"
        },
        "exceptiongroup": {
            "hashes": [
                "sha256:232c37c63e4f682982c8b6459f33a8981039e5fb8756b2074364e5055c498c9e",
                "sha256:d484c3090ba2889ae2928419117447a14daf3c1231d5e30d0aae34f354f01785"
            ],
            "markers": "python_version < '3.11'",
            "version": "==1.1.1"
        },
        "importlib-resources": {
            "hashes": [
                "sha256:4be82589bf5c1d7999aedf2a45159d10cb3ca4f19b2271f8792bc8e6da7b22f6",
                "sha256:7b1deeebbf351c7578e09bf2f63fa2ce8b5ffec296e0d349139d43cca061a81a"
            ],
            "markers": "python_version >= '3.7'",
            "version": "==5.12.0"
        },
        "jmespath": {
            "hashes": [
                "sha256:02e2e4cc71b5bcab88332eebf907519190dd9e6e82107fa7f83b1003a6252980",
                "sha256:90261b206d6defd58fdd5e85f478bf633a2901798906be2ad389150c5c60edbe"
            ],
            "markers": "python_version >= '3.7'",
            "version": "==1.0.1"
        },
        "jsii": {
            "hashes": [
                "sha256:28f070f3bce79e9c2d822607a960fe927e5179cf99416c94c39fb41581250854",
                "sha256:553e04a20b8fb9927d93d8b5e96f984f514c5acc4b06bd63b4e7130228d0c7fc"
            ],
            "markers": "python_version ~= '3.7'",
            "version": "==1.77.0"
        },
        "lambda-decorators": {
            "hashes": [
                "sha256:3043cfbc7cf5633bc5345f7827291dca6090864ff792f609dc2bce75c2cfb7f0",
                "sha256:6dae10db0b958e6cb41e162e160254821753cd2c654e3167d89639e8c6217e8b"
            ],
            "index": "pypi",
            "version": "==0.6.0"
        },
        "publication": {
            "hashes": [
                "sha256:0248885351febc11d8a1098d5c8e3ab2dabcf3e8c0c96db1e17ecd12b53afbe6",
                "sha256:68416a0de76dddcdd2930d1c8ef853a743cc96c82416c4e4d3b5d901c6276dc4"
            ],
            "version": "==0.0.3"
        },
        "python-dateutil": {
            "hashes": [
                "sha256:0123cacc1627ae19ddf3c27a5de5bd67ee4586fbdd6440d9748f8abb483d3e86",
                "sha256:961d03dc3453ebbc59dbdea9e4e11c5651520a876d0f4db161e8674aae935da9"
            ],
            "markers": "python_version >= '2.7' and python_version not in '3.0, 3.1, 3.2'",
            "version": "==2.8.2"
        },
        "s3transfer": {
            "hashes": [
                "sha256:06176b74f3a15f61f1b4f25a1fc29a4429040b7647133a463da8fa5bd28d5ecd",
                "sha256:2ed07d3866f523cc561bf4a00fc5535827981b117dd7876f036b0c1aca42c947"
            ],
            "markers": "python_version >= '3.7'",
            "version": "==0.6.0"
        },
        "six": {
            "hashes": [
                "sha256:1e61c37477a1626458e36f7b1d82aa5c9b094fa4802892072e49de9c60c4c926",
                "sha256:8abb2f1d86890a2dfb989f9a77cfcfd3e47c2a354b01111771326f8aa26e0254"
            ],
            "markers": "python_version >= '2.7' and python_version not in '3.0, 3.1, 3.2'",
            "version": "==1.16.0"
        },
        "typeguard": {
            "hashes": [
                "sha256:00edaa8da3a133674796cf5ea87d9f4b4c367d77476e185e80251cc13dfbb8c4",
                "sha256:5e3e3be01e887e7eafae5af63d1f36c849aaa94e3a0112097312aabfa16284f1"
            ],
            "markers": "python_full_version >= '3.5.3'",
            "version": "==2.13.3"
        },
        "typing-extensions": {
            "hashes": [
                "sha256:5cb5f4a79139d699607b3ef622a1dedafa84e115ab0024e0d9c044a9479ca7cb",
                "sha256:fb33085c39dd998ac16d1431ebc293a8b3eedd00fd4a32de0ff79002c19511b4"
            ],
            "markers": "python_version >= '3.7'",
            "version": "==4.5.0"
        },
        "urllib3": {
            "hashes": [
                "sha256:8a388717b9476f934a21484e8c8e61875ab60644d29b9b39e11e4b9dc1c6b305",
                "sha256:aa751d169e23c7479ce47a0cb0da579e3ede798f994f5816a74e4f4500dcea42"
            ],
            "markers": "python_version >= '2.7' and python_version not in '3.0, 3.1, 3.2, 3.3, 3.4, 3.5'",
            "version": "==1.26.15"
        },
        "zipp": {
            "hashes": [
                "sha256:112929ad649da941c23de50f356a2b5570c954b65150642bccdd66bf194d224b",
                "sha256:48904fc76a60e542af151aded95726c1a5c34ed43ab4134b597665c86d7ad556"
            ],
            "markers": "python_version < '3.10'",
            "version": "==3.15.0"
        }
    },
    "develop": {
        "attrs": {
            "hashes": [
                "sha256:29e95c7f6778868dbd49170f98f8818f78f3dc5e0e37c0b1f474e3561b240836",
                "sha256:c9227bfc2f01993c03f68db37d1d15c9690188323c067c641f1a35ca58185f99"
            ],
            "markers": "python_version >= '3.6'",
            "version": "==22.2.0"
        },
        "exceptiongroup": {
            "hashes": [
                "sha256:232c37c63e4f682982c8b6459f33a8981039e5fb8756b2074364e5055c498c9e",
                "sha256:d484c3090ba2889ae2928419117447a14daf3c1231d5e30d0aae34f354f01785"
            ],
            "markers": "python_version < '3.11'",
            "version": "==1.1.1"
        },
        "iniconfig": {
            "hashes": [
                "sha256:2d91e135bf72d31a410b17c16da610a82cb55f6b0477d1a902134b24a455b8b3",
                "sha256:b6a85871a79d2e3b22d2d1b94ac2824226a63c6b741c88f7ae975f18b6778374"
            ],
            "markers": "python_version >= '3.7'",
            "version": "==2.0.0"
        },
        "packaging": {
            "hashes": [
                "sha256:714ac14496c3e68c99c29b00845f7a2b85f3bb6f1078fd9f72fd20f0570002b2",
                "sha256:b6ad297f8907de0fa2fe1ccbd26fdaf387f5f47c7275fedf8cce89f99446cf97"
            ],
            "markers": "python_version >= '3.7'",
            "version": "==23.0"
        },
        "pluggy": {
            "hashes": [
                "sha256:4224373bacce55f955a878bf9cfa763c1e360858e330072059e10bad68531159",
                "sha256:74134bbf457f031a36d68416e1509f34bd5ccc019f0bcc952c7b909d06b37bd3"
            ],
            "markers": "python_version >= '3.6'",
            "version": "==1.0.0"
        },
        "pytest": {
            "hashes": [
                "sha256:130328f552dcfac0b1cec75c12e3f005619dc5f874f0a06e8ff7263f0ee6225e",
                "sha256:c99ab0c73aceb050f68929bc93af19ab6db0558791c6a0715723abe9d0ade9d4"
            ],
            "index": "pypi",
            "version": "==7.2.2"
        },
        "tomli": {
            "hashes": [
                "sha256:939de3e7a6161af0c887ef91b7d41a53e7c5a1ca976325f429cb46ea9bc30ecc",
                "sha256:de526c12914f0c550d15924c62d72abc48d6fe7364aa87328337a31007fe8a4f"
            ],
            "markers": "python_version < '3.11'",
            "version": "==2.0.1"
        }
    }
}
